# This file is autogenerated, do not edit; changes may be undone by the next 'dep ensure'.


[[projects]]
  digest = "1:f770a5f4490489d915aef41b33b922634e73648ede4ce3ce095e76f9058000f6"
  name = "github.com/RangelReale/osin"
  packages = [
    ".",
    "example",
  ]
  pruneopts = "UT"
  revision = "0f3357bb07e801ea62327872d19913969001dd7a"
  version = "v1.0.1"

[[projects]]
  digest = "1:2399db8fa7e542855de27b4518353f94d0841c08dca4bc86fa1eaaa52ab3ef20"
  name = "github.com/ansel1/merry"
  packages = ["."]
  pruneopts = "UT"
  revision = "5429a08c10ad44bc57a5dbbf49fd44a6371fb167"
  version = "v1.3.1"

[[projects]]
  branch = "master"
  digest = "1:9faf36431bedc19ecedbfe05f7be01676b598647ca8aa34139e2fd510e61126e"
  name = "github.com/felipeweb/gopher-utils"
  packages = ["."]
  pruneopts = "UT"
  revision = "05a00fc86ef51b7b351fb05a0e13307c85dbe115"

[[projects]]
  branch = "master"
  digest = "1:641f91f80e3f4357ab4271b7d391c9bca8a82863f5dcd087a8346a8e4cf2024a"
  name = "github.com/felipeweb/osin-mysql"
  packages = ["."]
  pruneopts = "UT"
  revision = "269603eb06cfa0a1e839d3c9c59ddab39cf6fb9e"

[[projects]]
  digest = "1:ec6f9bf5e274c833c911923c9193867f3f18788c461f76f05f62bb1510e0ae65"
  name = "github.com/go-sql-driver/mysql"
  packages = ["."]
  pruneopts = "UT"
  revision = "72cd26f257d44c1114970e19afddcd812016007e"
  version = "v1.4.1"

[[projects]]
  digest = "1:236d7e1bdb50d8f68559af37dbcf9d142d56b431c9b2176d41e2a009b664cda8"
  name = "github.com/google/uuid"
  packages = ["."]
  pruneopts = "UT"
  revision = "9b3b1e0f5f99ae461456d768e7d301a7acdaa2d8"
  version = "v1.1.0"

[[projects]]
  digest = "1:e5d0bd87abc2781d14e274807a470acd180f0499f8bf5bb18606e9ec22ad9de9"
  name = "github.com/pborman/uuid"
  packages = ["."]
  pruneopts = "UT"
  revision = "adf5a7427709b9deb95d29d3fa8a2bf9cfd388f1"
  version = "v1.2"

[[projects]]
  digest = "1:c25289f43ac4a68d88b02245742347c94f1e108c534dda442188015ff80669b3"
  name = "google.golang.org/appengine"
  packages = ["cloudsql"]
  pruneopts = "UT"
  revision = "4a4468ece617fc8205e99368fa2200e9d1fad421"
  version = "v1.3.0"

[solve-meta]
  analyzer-name = "dep"
  analyzer-version = 1
  input-imports = [
    "github.com/RangelReale/osin",
    "github.com/RangelReale/osin/example",
    "github.com/felipeweb/osin-mysql",
    "github.com/go-sql-driver/mysql",
  ]
  solver-name = "gps-cdcl"
  solver-version = 1
